{
  "pins" : [
    {
      "identity" : "modulesample",
      "kind" : "remoteSourceControl",
      "location" : "https://github.com/dianaafanador3/ModuleSample.git",
      "state" : {
        "branch" : "master",
        "revision" : "c5eca14a3910ff0509e577dc13ed7e5254b7516a"
      }
    },
    {
      "identity" : "modulesampledb",
      "kind" : "remoteSourceControl",
      "location" : "https://github.com/dianaafanador3/ModuleSampleDB",
      "state" : {
        "branch" : "master",
        "revision" : "9551415cf1211d0132b4526738c1628702054d54"
      }
    },
    {
      "identity" : "realm-core",
      "kind" : "remoteSourceControl",
      "location" : "https://github.com/realm/realm-core",
      "state" : {
        "revision" : "e9eec444d13ebebc062202407e79b9833428a24e",
        "version" : "11.11.0"
      }
    },
    {
      "identity" : "realm-swift",
      "kind" : "remoteSourceControl",
      "location" : "https://github.com/realm/realm-swift",
      "state" : {
        "revision" : "11ef7d31e3f3668c7434c5fd129a85ca52740b24",
        "version" : "10.24.1"
      }
    }
  ],
  "version" : 2
}
